
Microsoft Visual Studio Solution File, Format Version 12.00
# Visual Studio Version 17
VisualStudioVersion = 17.0.31903.59
MinimumVisualStudioVersion = 10.0.40219.1
Project("{9A19103F-16F7-4668-BE54-9A1E7A4F7556}") = "SimpleRabbitMQ", "SimpleRabbitMQ\SimpleRabbitMQ.csproj", "{B4824AF1-9B6B-4832-843B-EE9B896128C9}"
EndProject
Project("{FAE04EC0-301F-11D3-BF4B-00C04F79EFBC}") = "WebAPI", "WebAPI\WebAPI.csproj", "{FEBA5C88-E111-4582-BA2A-3FF399976728}"
EndProject
Project("{FAE04EC0-301F-11D3-BF4B-00C04F79EFBC}") = "Domain", "Domain\Domain.csproj", "{6C9C3582-B825-43EC-BA56-2B05866B8779}"
EndProject
Project("{FAE04EC0-301F-11D3-BF4B-00C04F79EFBC}") = "Worker", "Worker\Worker.csproj", "{6D6BE1DA-44FD-4073-A96E-A232022AC3B7}"
EndProject
Global
	GlobalSection(SolutionConfigurationPlatforms) = preSolution
		Debug|Any CPU = Debug|Any CPU
		Release|Any CPU = Release|Any CPU
	EndGlobalSection
	GlobalSection(ProjectConfigurationPlatforms) = postSolution
		{B4824AF1-9B6B-4832-843B-EE9B896128C9}.Debug|Any CPU.ActiveCfg = Debug|Any CPU
		{B4824AF1-9B6B-4832-843B-EE9B896128C9}.Debug|Any CPU.Build.0 = Debug|Any CPU
		{B4824AF1-9B6B-4832-843B-EE9B896128C9}.Release|Any CPU.ActiveCfg = Release|Any CPU
		{B4824AF1-9B6B-4832-843B-EE9B896128C9}.Release|Any CPU.Build.0 = Release|Any CPU
		{FEBA5C88-E111-4582-BA2A-3FF399976728}.Debug|Any CPU.ActiveCfg = Debug|Any CPU
		{FEBA5C88-E111-4582-BA2A-3FF399976728}.Debug|Any CPU.Build.0 = Debug|Any CPU
		{FEBA5C88-E111-4582-BA2A-3FF399976728}.Release|Any CPU.ActiveCfg = Release|Any CPU
		{FEBA5C88-E111-4582-BA2A-3FF399976728}.Release|Any CPU.Build.0 = Release|Any CPU
		{6C9C3582-B825-43EC-BA56-2B05866B8779}.Debug|Any CPU.ActiveCfg = Debug|Any CPU
		{6C9C3582-B825-43EC-BA56-2B05866B8779}.Debug|Any CPU.Build.0 = Debug|Any CPU
		{6C9C3582-B825-43EC-BA56-2B05866B8779}.Release|Any CPU.ActiveCfg = Release|Any CPU
		{6C9C3582-B825-43EC-BA56-2B05866B8779}.Release|Any CPU.Build.0 = Release|Any CPU
		{6D6BE1DA-44FD-4073-A96E-A232022AC3B7}.Debug|Any CPU.ActiveCfg = Debug|Any CPU
		{6D6BE1DA-44FD-4073-A96E-A232022AC3B7}.Debug|Any CPU.Build.0 = Debug|Any CPU
		{6D6BE1DA-44FD-4073-A96E-A232022AC3B7}.Release|Any CPU.ActiveCfg = Release|Any CPU
		{6D6BE1DA-44FD-4073-A96E-A232022AC3B7}.Release|Any CPU.Build.0 = Release|Any CPU
	EndGlobalSection
	GlobalSection(SolutionProperties) = preSolution
		HideSolutionNode = FALSE
	EndGlobalSection
	GlobalSection(ExtensibilityGlobals) = postSolution
		SolutionGuid = {3099F2F9-B3E9-4966-994D-5A0D980FF465}
	EndGlobalSection
EndGlobal
